<Solution>
  <Project Path="ShotclockPiReader.UnitTests/ShotclockPiReader.UnitTests.csproj" Id="4f449116-3ed9-4aab-b932-3ea070f33e65" />
  <Project Path="ShotclockPiReader.WinForm/ShotclockPiReader.WinForm.csproj" />
  <Project Path="ShotclockPiReader/ShotclockPiReader.csproj" Id="789e4b68-f742-49c3-b05f-6a46f7db83d6" />
</Solution>
